
Microsoft Visual Studio Solution File, Format Version 12.00
# Visual Studio 14
VisualStudioVersion = 14.0.25123.0
MinimumVisualStudioVersion = 10.0.40219.1
Project("{FAE04EC0-301F-11D3-BF4B-00C04F79EFBC}") = "CapaPresentacion", "CapaPresentacion\CapaPresentacion.csproj", "{EB731B85-9D86-4CD3-B50D-0DCA4D2B360F}"
EndProject
Project("{FAE04EC0-301F-11D3-BF4B-00C04F79EFBC}") = "CapaNegocio", "CapaNegocio\CapaNegocio.csproj", "{412F3E12-7401-4302-88F4-62FABA32728D}"
EndProject
Project("{FAE04EC0-301F-11D3-BF4B-00C04F79EFBC}") = "CapaDatos", "CapaDatos\CapaDatos.csproj", "{8AAA19B6-D9E7-4868-826C-BE75A6E001E1}"
EndProject
Global
	GlobalSection(SolutionConfigurationPlatforms) = preSolution
		Debug|Any CPU = Debug|Any CPU
		Release|Any CPU = Release|Any CPU
	EndGlobalSection
	GlobalSection(ProjectConfigurationPlatforms) = postSolution
		{EB731B85-9D86-4CD3-B50D-0DCA4D2B360F}.Debug|Any CPU.ActiveCfg = Debug|Any CPU
		{EB731B85-9D86-4CD3-B50D-0DCA4D2B360F}.Debug|Any CPU.Build.0 = Debug|Any CPU
		{EB731B85-9D86-4CD3-B50D-0DCA4D2B360F}.Release|Any CPU.ActiveCfg = Release|Any CPU
		{EB731B85-9D86-4CD3-B50D-0DCA4D2B360F}.Release|Any CPU.Build.0 = Release|Any CPU
		{412F3E12-7401-4302-88F4-62FABA32728D}.Debug|Any CPU.ActiveCfg = Debug|Any CPU
		{412F3E12-7401-4302-88F4-62FABA32728D}.Debug|Any CPU.Build.0 = Debug|Any CPU
		{412F3E12-7401-4302-88F4-62FABA32728D}.Release|Any CPU.ActiveCfg = Release|Any CPU
		{412F3E12-7401-4302-88F4-62FABA32728D}.Release|Any CPU.Build.0 = Release|Any CPU
		{8AAA19B6-D9E7-4868-826C-BE75A6E001E1}.Debug|Any CPU.ActiveCfg = Debug|Any CPU
		{8AAA19B6-D9E7-4868-826C-BE75A6E001E1}.Debug|Any CPU.Build.0 = Debug|Any CPU
		{8AAA19B6-D9E7-4868-826C-BE75A6E001E1}.Release|Any CPU.ActiveCfg = Release|Any CPU
		{8AAA19B6-D9E7-4868-826C-BE75A6E001E1}.Release|Any CPU.Build.0 = Release|Any CPU
	EndGlobalSection
	GlobalSection(SolutionProperties) = preSolution
		HideSolutionNode = FALSE
	EndGlobalSection
EndGlobal
